// !$*UTF8*$!
{
	archiveVersion = 1;
	classes = {
	};
	objectVersion = 39;
	objects = {
		06AA1262FFB20DD611CA28AA = {
			buildSettings = {
				COPY_PHASE_STRIP = NO;
				GCC_DYNAMIC_NO_PIC = NO;
				GCC_ENABLE_FIX_AND_CONTINUE = YES;
				GCC_GENERATE_DEBUGGING_SYMBOLS = YES;
				GCC_OPTIMIZATION_LEVEL = 0;
				GCC_PREPROCESSOR_DEFINITIONS = "HAVE_SCTP_AUTH HAVE_SCTP_PEELOFF_SOCKOPT HAVE_SCTP_SORECEIVE SCTP_DEBUG SCTP_APPLE_PANTHER INET6 SCTP_LOG_MAXBURST SCTP_BLK_LOGGING SCTP_CWND_LOGGING SCTP_STAT_LOGGING SCTP_LOG_RWND SCTP_NAGLE_LOGGING";
				GCC_WARN_ABOUT_MISSING_PROTOTYPES = NO;
				GCC_WARN_ALLOW_INCOMPLETE_PROTOCOL = NO;
				GCC_WARN_FOUR_CHARACTER_CONSTANTS = NO;
				GCC_WARN_PEDANTIC = NO;
				HEADER_SEARCH_PATHS = "$(SRCROOT)";
				OPTIMIZATION_CFLAGS = "-O0";
				ZERO_LINK = YES;
			};
			isa = PBXBuildStyle;
			name = Development;
		};
		06AA1263FFB20DD611CA28AA = {
			buildSettings = {
				COPY_PHASE_STRIP = YES;
				GCC_ENABLE_FIX_AND_CONTINUE = NO;
				ZERO_LINK = NO;
			};
			isa = PBXBuildStyle;
			name = Deployment;
		};
//060
//061
//062
//063
//064
//080
//081
//082
//083
//084
		089C1669FE841209C02AAC07 = {
			buildSettings = {
			};
			buildStyles = (
				06AA1262FFB20DD611CA28AA,
				06AA1263FFB20DD611CA28AA,
			);
			hasScannedForEncodings = 1;
			isa = PBXProject;
			mainGroup = 089C166AFE841209C02AAC07;
			projectDirPath = "";
			targets = (
				32A4FEB80562C75700D090E7,
				50394AAF0729AF7200F8D390,
			);
		};
		089C166AFE841209C02AAC07 = {
			children = (
				505EE6E506EDACB700CCF40D,
				247142CAFF3F8F9811CA285C,
				089C167CFE841241C02AAC07,
				D27513B306A6225300ADB3A4,
				19C28FB6FE9D52B211CA2CBB,
			);
			isa = PBXGroup;
			name = SCTP;
			refType = 4;
			sourceTree = "<group>";
		};
		089C167CFE841241C02AAC07 = {
			children = (
				32A4FEC30562C75700D090E7,
				089C167DFE841241C02AAC07,
			);
			isa = PBXGroup;
			name = Resources;
			refType = 4;
			sourceTree = "<group>";
		};
		089C167DFE841241C02AAC07 = {
			children = (
				089C167EFE841241C02AAC07,
			);
			isa = PBXVariantGroup;
			name = InfoPlist.strings;
			refType = 4;
			sourceTree = "<group>";
		};
		089C167EFE841241C02AAC07 = {
			fileEncoding = 10;
			isa = PBXFileReference;
			lastKnownFileType = text.plist.strings;
			name = English;
			path = English.lproj/InfoPlist.strings;
			refType = 4;
			sourceTree = "<group>";
		};
//080
//081
//082
//083
//084
//190
//191
//192
//193
//194
		19C28FB6FE9D52B211CA2CBB = {
			children = (
				32A4FEC40562C75800D090E7,
				50394AB00729AF7200F8D390,
			);
			isa = PBXGroup;
			name = Products;
			refType = 4;
			sourceTree = "<group>";
		};
//190
//191
//192
//193
//194
//1A0
//1A1
//1A2
//1A3
//1A4
		1A224C3CFF42312311CA2CB7 = {
			fileEncoding = 4;
			isa = PBXFileReference;
			lastKnownFileType = sourcecode.c.c;
			path = SCTP.c;
			refType = 4;
			sourceTree = "<group>";
		};
//1A0
//1A1
//1A2
//1A3
//1A4
//240
//241
//242
//243
//244
		247142CAFF3F8F9811CA285C = {
			children = (
				5045DC9B06DE71830057890E,
				502A84EB06F4EFF800D156E7,
				50D42EED06D8C0DF004DAC5C,
				50D42F2C06D8C0F3004DAC5C,
				5062F4D106F0ED0E00D75DFB,
				5045DCE006DE7B870057890E,
				500D736C0729B00A008D8EA9,
				1A224C3CFF42312311CA2CB7,
			);
			isa = PBXGroup;
			name = Source;
			path = "";
			refType = 4;
			sourceTree = "<group>";
			tabWidth = 8;
		};
//240
//241
//242
//243
//244
//320
//321
//322
//323
//324
		32A4FEB80562C75700D090E7 = {
			buildPhases = (
				32A4FEB90562C75700D090E7,
				32A4FEBA0562C75700D090E7,
				32A4FEBB0562C75700D090E7,
				32A4FEBD0562C75700D090E7,
				32A4FEBF0562C75700D090E7,
				32A4FEC00562C75700D090E7,
				32A4FEC10562C75700D090E7,
			);
			buildRules = (
			);
			buildSettings = {
				GCC_GENERATE_DEBUGGING_SYMBOLS = YES;
				GCC_OPTIMIZATION_LEVEL = 0;
				GCC_WARN_CHECK_SWITCH_STATEMENTS = YES;
				GCC_WARN_INITIALIZER_NOT_FULLY_BRACKETED = YES;
				GCC_WARN_MISSING_PARENTHESES = YES;
				GCC_WARN_SIGN_COMPARE = YES;
				GCC_WARN_TYPECHECK_CALLS_TO_PRINTF = YES;
				GCC_WARN_UNINITIALIZED_AUTOS = NO;
				GCC_WARN_UNUSED_FUNCTION = YES;
				GCC_WARN_UNUSED_LABEL = YES;
				GCC_WARN_UNUSED_PARAMETER = NO;
				GCC_WARN_UNUSED_VALUE = YES;
				GCC_WARN_UNUSED_VARIABLE = YES;
				HEADER_SEARCH_PATHS = "";
				INFOPLIST_FILE = Info.plist;
				INSTALL_PATH = "$(SYSTEM_LIBRARY_DIR)/Extensions";
				MODULE_NAME = org.sctp.kext.SCTP;
				MODULE_START = SCTP_start;
				MODULE_STOP = SCTP_stop;
				MODULE_VERSION = 1.0.0d1;
				PRODUCT_NAME = SCTP;
				WRAPPER_EXTENSION = kext;
			};
			dependencies = (
			);
			isa = PBXNativeTarget;
			name = SCTP;
			productInstallPath = "$(SYSTEM_LIBRARY_DIR)/Extensions";
			productName = SCTP;
			productReference = 32A4FEC40562C75800D090E7;
			productType = "com.apple.product-type.kernel-extension";
		};
		32A4FEB90562C75700D090E7 = {
			buildActionMask = 2147483647;
			files = (
			);
			isa = PBXShellScriptBuildPhase;
			runOnlyForDeploymentPostprocessing = 0;
			shellPath = /bin/sh;
			shellScript = "script=\"${SYSTEM_DEVELOPER_DIR}/ProjectBuilder Extras/Kernel Extension Support/KEXTPreprocess\";\nif [ -x \"$script\" ]; then\n    . \"$script\"\nfi";
		};
		32A4FEBA0562C75700D090E7 = {
			buildActionMask = 2147483647;
			files = (
				50D42F0C06D8C0DF004DAC5C,
				50D42F0E06D8C0DF004DAC5C,
				50D42F0F06D8C0DF004DAC5C,
				50D42F1006D8C0DF004DAC5C,
				50D42F1206D8C0DF004DAC5C,
				50D42F1406D8C0DF004DAC5C,
				50D42F1506D8C0DF004DAC5C,
				50D42F1706D8C0DF004DAC5C,
				50D42F1906D8C0DF004DAC5C,
				50D42F1B06D8C0DF004DAC5C,
				50D42F1D06D8C0DF004DAC5C,
				50D42F1F06D8C0DF004DAC5C,
				50D42F2106D8C0DF004DAC5C,
				50D42F2206D8C0DF004DAC5C,
				50D42F2406D8C0DF004DAC5C,
				50D42F2506D8C0DF004DAC5C,
				50D42F2706D8C0DF004DAC5C,
				50D42F2906D8C0DF004DAC5C,
				50D42F3006D8C0F3004DAC5C,
				5045DCA506DE73AE0057890E,
				5045DCA606DE73AE0057890E,
				5045DCE406DE7B870057890E,
				5045DCE506DE7B870057890E,
				5045DCE606DE7B870057890E,
				5045DE0B06DE8E790057890E,
				5045DE0C06DE8E790057890E,
				5045DE0D06DE8E790057890E,
				5045DE2006DE8EB50057890E,
				50F452CB06E25F6B0087E108,
				50F452D306E25F890087E108,
				50F452D406E25F890087E108,
				50F452D506E25F890087E108,
				5062F4D406F0ED0E00D75DFB,
				5062F4D506F0ED0E00D75DFB,
				502A84E806F4EFE600D156E7,
				5004468309D95EFE00BF0EE4,
			);
			isa = PBXHeadersBuildPhase;
			runOnlyForDeploymentPostprocessing = 0;
		};
		32A4FEBB0562C75700D090E7 = {
			buildActionMask = 2147483647;
			files = (
				32A4FEBC0562C75700D090E7,
			);
			isa = PBXResourcesBuildPhase;
			runOnlyForDeploymentPostprocessing = 0;
		};
		32A4FEBC0562C75700D090E7 = {
			fileRef = 089C167DFE841241C02AAC07;
			isa = PBXBuildFile;
			settings = {
			};
		};
		32A4FEBD0562C75700D090E7 = {
			buildActionMask = 2147483647;
			files = (
				32A4FEBE0562C75700D090E7,
				50D42F0D06D8C0DF004DAC5C,
				50D42F1106D8C0DF004DAC5C,
				50D42F1306D8C0DF004DAC5C,
				50D42F1606D8C0DF004DAC5C,
				50D42F1806D8C0DF004DAC5C,
				50D42F1A06D8C0DF004DAC5C,
				50D42F1C06D8C0DF004DAC5C,
				50D42F1E06D8C0DF004DAC5C,
				50D42F2006D8C0DF004DAC5C,
				50D42F2306D8C0DF004DAC5C,
				50D42F2606D8C0DF004DAC5C,
				50D42F2806D8C0DF004DAC5C,
				50D42F2F06D8C0F3004DAC5C,
				5004468209D95EFE00BF0EE4,
			);
			isa = PBXSourcesBuildPhase;
			runOnlyForDeploymentPostprocessing = 0;
		};
		32A4FEBE0562C75700D090E7 = {
			fileRef = 1A224C3CFF42312311CA2CB7;
			isa = PBXBuildFile;
			settings = {
				ATTRIBUTES = (
				);
			};
		};
		32A4FEBF0562C75700D090E7 = {
			buildActionMask = 2147483647;
			files = (
			);
			isa = PBXFrameworksBuildPhase;
			runOnlyForDeploymentPostprocessing = 0;
		};
		32A4FEC00562C75700D090E7 = {
			buildActionMask = 2147483647;
			files = (
			);
			isa = PBXRezBuildPhase;
			runOnlyForDeploymentPostprocessing = 0;
		};
		32A4FEC10562C75700D090E7 = {
			buildActionMask = 2147483647;
			files = (
			);
			isa = PBXShellScriptBuildPhase;
			runOnlyForDeploymentPostprocessing = 0;
			shellPath = /bin/sh;
			shellScript = "script=\"${SYSTEM_DEVELOPER_DIR}/ProjectBuilder Extras/Kernel Extension Support/KEXTPostprocess\";\nif [ -x \"$script\" ]; then\n    . \"$script\"\nfi";
		};
		32A4FEC30562C75700D090E7 = {
			isa = PBXFileReference;
			lastKnownFileType = text.xml;
			path = Info.plist;
			refType = 4;
			sourceTree = "<group>";
		};
		32A4FEC40562C75800D090E7 = {
			explicitFileType = wrapper.cfbundle;
			includeInIndex = 0;
			isa = PBXFileReference;
			path = SCTP.kext;
			refType = 3;
			sourceTree = BUILT_PRODUCTS_DIR;
		};
//320
//321
//322
//323
//324
//500
//501
//502
//503
//504
		5004468009D95EFE00BF0EE4 = {
			fileEncoding = 30;
			isa = PBXFileReference;
			lastKnownFileType = sourcecode.c.c;
			path = sctp_auth.c;
			refType = 4;
			sourceTree = "<group>";
		};
		5004468109D95EFE00BF0EE4 = {
			fileEncoding = 30;
			isa = PBXFileReference;
			lastKnownFileType = sourcecode.c.h;
			path = sctp_auth.h;
			refType = 4;
			sourceTree = "<group>";
		};
		5004468209D95EFE00BF0EE4 = {
			fileRef = 5004468009D95EFE00BF0EE4;
			isa = PBXBuildFile;
			settings = {
			};
		};
		5004468309D95EFE00BF0EE4 = {
			fileRef = 5004468109D95EFE00BF0EE4;
			isa = PBXBuildFile;
			settings = {
			};
		};
		500D736C0729B00A008D8EA9 = {
			fileEncoding = 30;
			isa = PBXFileReference;
			lastKnownFileType = sourcecode.c.c;
			path = sctp_sys_calls.c;
			refType = 4;
			sourceTree = "<group>";
		};
		500D736D0729B00A008D8EA9 = {
			fileRef = 500D736C0729B00A008D8EA9;
			isa = PBXBuildFile;
			settings = {
			};
		};
		502A84E706F4EFE600D156E7 = {
			fileEncoding = 30;
			isa = PBXFileReference;
			lastKnownFileType = sourcecode.c.h;
			name = net_osdep.h;
			path = net/net_osdep.h;
			refType = 4;
			sourceTree = "<group>";
		};
		502A84E806F4EFE600D156E7 = {
			fileRef = 502A84E706F4EFE600D156E7;
			isa = PBXBuildFile;
			settings = {
			};
		};
		502A84EB06F4EFF800D156E7 = {
			children = (
				502A84E706F4EFE600D156E7,
			);
			isa = PBXGroup;
			name = net;
			refType = 4;
			sourceTree = "<group>";
		};
		50394AAC0729AF7200F8D390 = {
			buildActionMask = 2147483647;
			files = (
			);
			isa = PBXHeadersBuildPhase;
			runOnlyForDeploymentPostprocessing = 0;
		};
		50394AAD0729AF7200F8D390 = {
			buildActionMask = 2147483647;
			files = (
				500D736D0729B00A008D8EA9,
			);
			isa = PBXSourcesBuildPhase;
			runOnlyForDeploymentPostprocessing = 0;
		};
		50394AAE0729AF7200F8D390 = {
			buildActionMask = 2147483647;
			files = (
			);
			isa = PBXFrameworksBuildPhase;
			runOnlyForDeploymentPostprocessing = 0;
		};
		50394AAF0729AF7200F8D390 = {
			buildPhases = (
				50394AAC0729AF7200F8D390,
				50394AAD0729AF7200F8D390,
				50394AAE0729AF7200F8D390,
			);
			buildRules = (
			);
			buildSettings = {
				DYLIB_COMPATIBILITY_VERSION = 1;
				DYLIB_CURRENT_VERSION = 1;
				GCC_WARN_CHECK_SWITCH_STATEMENTS = YES;
				GCC_WARN_INITIALIZER_NOT_FULLY_BRACKETED = YES;
				GCC_WARN_MISSING_PARENTHESES = YES;
				GCC_WARN_SIGN_COMPARE = YES;
				GCC_WARN_TYPECHECK_CALLS_TO_PRINTF = YES;
				GCC_WARN_UNUSED_FUNCTION = YES;
				GCC_WARN_UNUSED_LABEL = YES;
				GCC_WARN_UNUSED_PARAMETER = YES;
				GCC_WARN_UNUSED_VALUE = YES;
				GCC_WARN_UNUSED_VARIABLE = YES;
				HEADER_SEARCH_PATHS = "$(SRCROOT)";
				INSTALL_PATH = /usr/local/lib;
				LIBRARY_STYLE = DYNAMIC;
				OTHER_CFLAGS = "";
				OTHER_LDFLAGS = "";
				OTHER_REZFLAGS = "";
				PRODUCT_NAME = libsctp;
				SECTORDER_FLAGS = "";
				WARNING_CFLAGS = "-Wmost -Wno-four-char-constants -Wno-unknown-pragmas";
			};
			dependencies = (
			);
			isa = PBXNativeTarget;
			name = libsctp;
			productName = libsctp;
			productReference = 50394AB00729AF7200F8D390;
			productType = "com.apple.product-type.library.dynamic";
		};
		50394AB00729AF7200F8D390 = {
			explicitFileType = "compiled.mach-o.dylib";
			includeInIndex = 0;
			isa = PBXFileReference;
			path = libsctp.dylib;
			refType = 3;
			sourceTree = BUILT_PRODUCTS_DIR;
		};
		5045DC9B06DE71830057890E = {
			children = (
				5045DCA306DE73AE0057890E,
				5045DCA406DE73AE0057890E,
			);
			isa = PBXGroup;
			path = mach;
			refType = 2;
			sourceTree = SOURCE_ROOT;
		};
		5045DCA306DE73AE0057890E = {
			fileEncoding = 30;
			isa = PBXFileReference;
			lastKnownFileType = sourcecode.c.h;
			path = mach.h;
			refType = 4;
			sourceTree = "<group>";
		};
		5045DCA406DE73AE0057890E = {
			fileEncoding = 30;
			isa = PBXFileReference;
			lastKnownFileType = sourcecode.c.h;
			path = vm_param.h;
			refType = 4;
			sourceTree = "<group>";
		};
		5045DCA506DE73AE0057890E = {
			fileRef = 5045DCA306DE73AE0057890E;
			isa = PBXBuildFile;
			settings = {
			};
		};
		5045DCA606DE73AE0057890E = {
			fileRef = 5045DCA406DE73AE0057890E;
			isa = PBXBuildFile;
			settings = {
			};
		};
		5045DCE006DE7B870057890E = {
			children = (
				5045DCE106DE7B870057890E,
				5045DCE206DE7B870057890E,
				5045DCE306DE7B870057890E,
			);
			isa = PBXGroup;
			path = sys;
			refType = 4;
			sourceTree = "<group>";
		};
		5045DCE106DE7B870057890E = {
			fileEncoding = 30;
			isa = PBXFileReference;
			lastKnownFileType = sourcecode.c.h;
			path = mbuf.h;
			refType = 4;
			sourceTree = "<group>";
		};
		5045DCE206DE7B870057890E = {
			fileEncoding = 30;
			isa = PBXFileReference;
			lastKnownFileType = sourcecode.c.h;
			path = protosw.h;
			refType = 4;
			sourceTree = "<group>";
		};
		5045DCE306DE7B870057890E = {
			fileEncoding = 30;
			isa = PBXFileReference;
			lastKnownFileType = sourcecode.c.h;
			path = socket.h;
			refType = 4;
			sourceTree = "<group>";
		};
		5045DCE406DE7B870057890E = {
			fileRef = 5045DCE106DE7B870057890E;
			isa = PBXBuildFile;
			settings = {
			};
		};
		5045DCE506DE7B870057890E = {
			fileRef = 5045DCE206DE7B870057890E;
			isa = PBXBuildFile;
			settings = {
			};
		};
		5045DCE606DE7B870057890E = {
			fileRef = 5045DCE306DE7B870057890E;
			isa = PBXBuildFile;
			settings = {
			};
		};
		5045DE0806DE8E790057890E = {
			fileEncoding = 30;
			isa = PBXFileReference;
			lastKnownFileType = sourcecode.c.h;
			path = in6_pcb.h;
			refType = 4;
			sourceTree = "<group>";
		};
		5045DE0906DE8E790057890E = {
			fileEncoding = 30;
			isa = PBXFileReference;
			lastKnownFileType = sourcecode.c.h;
			path = ip6_var.h;
			refType = 4;
			sourceTree = "<group>";
		};
		5045DE0A06DE8E790057890E = {
			fileEncoding = 30;
			isa = PBXFileReference;
			lastKnownFileType = sourcecode.c.h;
			path = scope6_var.h;
			refType = 4;
			sourceTree = "<group>";
		};
		5045DE0B06DE8E790057890E = {
			fileRef = 5045DE0806DE8E790057890E;
			isa = PBXBuildFile;
			settings = {
			};
		};
		5045DE0C06DE8E790057890E = {
			fileRef = 5045DE0906DE8E790057890E;
			isa = PBXBuildFile;
			settings = {
			};
		};
		5045DE0D06DE8E790057890E = {
			fileRef = 5045DE0A06DE8E790057890E;
			isa = PBXBuildFile;
			settings = {
			};
		};
		5045DE1F06DE8EB50057890E = {
			fileEncoding = 30;
			isa = PBXFileReference;
			lastKnownFileType = sourcecode.c.h;
			path = in.h;
			refType = 4;
			sourceTree = "<group>";
		};
		5045DE2006DE8EB50057890E = {
			fileRef = 5045DE1F06DE8EB50057890E;
			isa = PBXBuildFile;
			settings = {
			};
		};
		505EE6E506EDACB700CCF40D = {
			children = (
			);
			isa = PBXGroup;
			name = Documentation;
			refType = 4;
			sourceTree = "<group>";
		};
		5062F4D106F0ED0E00D75DFB = {
			children = (
				5062F4D206F0ED0E00D75DFB,
				5062F4D306F0ED0E00D75DFB,
			);
			isa = PBXGroup;
			path = netkey;
			refType = 4;
			sourceTree = "<group>";
		};
		5062F4D206F0ED0E00D75DFB = {
			fileEncoding = 30;
			isa = PBXFileReference;
			lastKnownFileType = sourcecode.c.h;
			path = key.h;
			refType = 4;
			sourceTree = "<group>";
		};
		5062F4D306F0ED0E00D75DFB = {
			fileEncoding = 30;
			isa = PBXFileReference;
			lastKnownFileType = sourcecode.c.h;
			path = key_var.h;
			refType = 4;
			sourceTree = "<group>";
		};
		5062F4D406F0ED0E00D75DFB = {
			fileRef = 5062F4D206F0ED0E00D75DFB;
			isa = PBXBuildFile;
			settings = {
			};
		};
		5062F4D506F0ED0E00D75DFB = {
			fileRef = 5062F4D306F0ED0E00D75DFB;
			isa = PBXBuildFile;
			settings = {
			};
		};
		50D42EED06D8C0DF004DAC5C = {
			children = (
				50F452D006E25F880087E108,
				50F452D106E25F890087E108,
				50F452D206E25F890087E108,
				5045DE1F06DE8EB50057890E,
				50D42EEE06D8C0DF004DAC5C,
				50D42EEF06D8C0DF004DAC5C,
				50D42EF006D8C0DF004DAC5C,
				50D42EF106D8C0DF004DAC5C,
				50D42EF206D8C0DF004DAC5C,
				50D42EF306D8C0DF004DAC5C,
				50D42EF406D8C0DF004DAC5C,
				50D42EF506D8C0DF004DAC5C,
				50D42EF606D8C0DF004DAC5C,
				50D42EF706D8C0DF004DAC5C,
				50D42EF806D8C0DF004DAC5C,
				50D42EF906D8C0DF004DAC5C,
				50D42EFA06D8C0DF004DAC5C,
				50D42EFB06D8C0DF004DAC5C,
				50D42EFC06D8C0DF004DAC5C,
				50D42EFD06D8C0DF004DAC5C,
				50D42EFE06D8C0DF004DAC5C,
				50D42EFF06D8C0DF004DAC5C,
				50D42F0006D8C0DF004DAC5C,
				50D42F0106D8C0DF004DAC5C,
				50D42F0206D8C0DF004DAC5C,
				50D42F0306D8C0DF004DAC5C,
				50D42F0406D8C0DF004DAC5C,
				50D42F0506D8C0DF004DAC5C,
				50D42F0606D8C0DF004DAC5C,
				50D42F0706D8C0DF004DAC5C,
				50D42F0806D8C0DF004DAC5C,
				50D42F0906D8C0DF004DAC5C,
				50D42F0A06D8C0DF004DAC5C,
				5004468009D95EFE00BF0EE4,
				5004468109D95EFE00BF0EE4,
				50D42F0B06D8C0DF004DAC5C,
			);
			isa = PBXGroup;
			path = netinet;
			refType = 4;
			sourceTree = "<group>";
		};
		50D42EEE06D8C0DF004DAC5C = {
			fileEncoding = 30;
			isa = PBXFileReference;
			lastKnownFileType = sourcecode.c.h;
			path = sctp.h;
			refType = 4;
			sourceTree = "<group>";
		};
		50D42EEF06D8C0DF004DAC5C = {
			fileEncoding = 30;
			isa = PBXFileReference;
			lastKnownFileType = sourcecode.c.c;
			path = sctp_asconf.c;
			refType = 4;
			sourceTree = "<group>";
		};
		50D42EF006D8C0DF004DAC5C = {
			fileEncoding = 30;
			isa = PBXFileReference;
			lastKnownFileType = sourcecode.c.h;
			path = sctp_asconf.h;
			refType = 4;
			sourceTree = "<group>";
		};
		50D42EF106D8C0DF004DAC5C = {
			fileEncoding = 30;
			isa = PBXFileReference;
			lastKnownFileType = sourcecode.c.h;
			path = sctp_callout.h;
			refType = 4;
			sourceTree = "<group>";
		};
		50D42EF206D8C0DF004DAC5C = {
			fileEncoding = 30;
			isa = PBXFileReference;
			lastKnownFileType = sourcecode.c.h;
			path = sctp_constants.h;
			refType = 4;
			sourceTree = "<group>";
		};
		50D42EF306D8C0DF004DAC5C = {
			fileEncoding = 30;
			isa = PBXFileReference;
			lastKnownFileType = sourcecode.c.c;
			path = sctp_crc32.c;
			refType = 4;
			sourceTree = "<group>";
		};
		50D42EF406D8C0DF004DAC5C = {
			fileEncoding = 30;
			isa = PBXFileReference;
			lastKnownFileType = sourcecode.c.h;
			path = sctp_crc32.h;
			refType = 4;
			sourceTree = "<group>";
		};
		50D42EF506D8C0DF004DAC5C = {
			fileEncoding = 30;
			isa = PBXFileReference;
			lastKnownFileType = sourcecode.c.c;
			path = sctp_hashdriver.c;
			refType = 4;
			sourceTree = "<group>";
		};
		50D42EF606D8C0DF004DAC5C = {
			fileEncoding = 30;
			isa = PBXFileReference;
			lastKnownFileType = sourcecode.c.h;
			path = sctp_hashdriver.h;
			refType = 4;
			sourceTree = "<group>";
		};
		50D42EF706D8C0DF004DAC5C = {
			fileEncoding = 30;
			isa = PBXFileReference;
			lastKnownFileType = sourcecode.c.h;
			path = sctp_header.h;
			refType = 4;
			sourceTree = "<group>";
		};
		50D42EF806D8C0DF004DAC5C = {
			fileEncoding = 30;
			isa = PBXFileReference;
			lastKnownFileType = sourcecode.c.c;
			path = sctp_indata.c;
			refType = 4;
			sourceTree = "<group>";
		};
		50D42EF906D8C0DF004DAC5C = {
			fileEncoding = 30;
			isa = PBXFileReference;
			lastKnownFileType = sourcecode.c.h;
			path = sctp_indata.h;
			refType = 4;
			sourceTree = "<group>";
		};
		50D42EFA06D8C0DF004DAC5C = {
			fileEncoding = 30;
			isa = PBXFileReference;
			lastKnownFileType = sourcecode.c.c;
			path = sctp_input.c;
			refType = 4;
			sourceTree = "<group>";
		};
		50D42EFB06D8C0DF004DAC5C = {
			fileEncoding = 30;
			isa = PBXFileReference;
			lastKnownFileType = sourcecode.c.h;
			path = sctp_input.h;
			refType = 4;
			sourceTree = "<group>";
		};
		50D42EFC06D8C0DF004DAC5C = {
			fileEncoding = 30;
			isa = PBXFileReference;
			lastKnownFileType = sourcecode.c.c;
			path = sctp_output.c;
			refType = 4;
			sourceTree = "<group>";
		};
		50D42EFD06D8C0DF004DAC5C = {
			fileEncoding = 30;
			isa = PBXFileReference;
			lastKnownFileType = sourcecode.c.h;
			path = sctp_output.h;
			refType = 4;
			sourceTree = "<group>";
		};
		50D42EFE06D8C0DF004DAC5C = {
			fileEncoding = 30;
			isa = PBXFileReference;
			lastKnownFileType = sourcecode.c.c;
			path = sctp_pcb.c;
			refType = 4;
			sourceTree = "<group>";
		};
		50D42EFF06D8C0DF004DAC5C = {
			fileEncoding = 30;
			isa = PBXFileReference;
			lastKnownFileType = sourcecode.c.h;
			path = sctp_pcb.h;
			refType = 4;
			sourceTree = "<group>";
		};
		50D42F0006D8C0DF004DAC5C = {
			fileEncoding = 30;
			isa = PBXFileReference;
			lastKnownFileType = sourcecode.c.c;
			path = sctp_peeloff.c;
			refType = 4;
			sourceTree = "<group>";
		};
		50D42F0106D8C0DF004DAC5C = {
			fileEncoding = 30;
			isa = PBXFileReference;
			lastKnownFileType = sourcecode.c.h;
			path = sctp_peeloff.h;
			refType = 4;
			sourceTree = "<group>";
		};
		50D42F0206D8C0DF004DAC5C = {
			fileEncoding = 30;
			isa = PBXFileReference;
			lastKnownFileType = sourcecode.c.c;
			path = sctp_sha1.c;
			refType = 4;
			sourceTree = "<group>";
		};
		50D42F0306D8C0DF004DAC5C = {
			fileEncoding = 30;
			isa = PBXFileReference;
			lastKnownFileType = sourcecode.c.h;
			path = sctp_sha1.h;
			refType = 4;
			sourceTree = "<group>";
		};
		50D42F0406D8C0DF004DAC5C = {
			fileEncoding = 30;
			isa = PBXFileReference;
			lastKnownFileType = sourcecode.c.h;
			path = sctp_structs.h;
			refType = 4;
			sourceTree = "<group>";
		};
		50D42F0506D8C0DF004DAC5C = {
			fileEncoding = 30;
			isa = PBXFileReference;
			lastKnownFileType = sourcecode.c.c;
			path = sctp_timer.c;
			refType = 4;
			sourceTree = "<group>";
		};
		50D42F0606D8C0DF004DAC5C = {
			fileEncoding = 30;
			isa = PBXFileReference;
			lastKnownFileType = sourcecode.c.h;
			path = sctp_timer.h;
			refType = 4;
			sourceTree = "<group>";
		};
		50D42F0706D8C0DF004DAC5C = {
			fileEncoding = 30;
			indentWidth = 8;
			isa = PBXFileReference;
			lastKnownFileType = sourcecode.c.h;
			path = sctp_uio.h;
			refType = 4;
			sourceTree = "<group>";
			tabWidth = 8;
			usesTabs = 1;
		};
		50D42F0806D8C0DF004DAC5C = {
			fileEncoding = 30;
			isa = PBXFileReference;
			lastKnownFileType = sourcecode.c.c;
			path = sctp_usrreq.c;
			refType = 4;
			sourceTree = "<group>";
		};
		50D42F0906D8C0DF004DAC5C = {
			fileEncoding = 30;
			isa = PBXFileReference;
			lastKnownFileType = sourcecode.c.h;
			path = sctp_var.h;
			refType = 4;
			sourceTree = "<group>";
		};
		50D42F0A06D8C0DF004DAC5C = {
			fileEncoding = 30;
			isa = PBXFileReference;
			lastKnownFileType = sourcecode.c.c;
			path = sctputil.c;
			refType = 4;
			sourceTree = "<group>";
		};
		50D42F0B06D8C0DF004DAC5C = {
			fileEncoding = 30;
			isa = PBXFileReference;
			lastKnownFileType = sourcecode.c.h;
			path = sctputil.h;
			refType = 4;
			sourceTree = "<group>";
		};
		50D42F0C06D8C0DF004DAC5C = {
			fileRef = 50D42EEE06D8C0DF004DAC5C;
			isa = PBXBuildFile;
			settings = {
			};
		};
		50D42F0D06D8C0DF004DAC5C = {
			fileRef = 50D42EEF06D8C0DF004DAC5C;
			isa = PBXBuildFile;
			settings = {
			};
		};
		50D42F0E06D8C0DF004DAC5C = {
			fileRef = 50D42EF006D8C0DF004DAC5C;
			isa = PBXBuildFile;
			settings = {
			};
		};
		50D42F0F06D8C0DF004DAC5C = {
			fileRef = 50D42EF106D8C0DF004DAC5C;
			isa = PBXBuildFile;
			settings = {
			};
		};
		50D42F1006D8C0DF004DAC5C = {
			fileRef = 50D42EF206D8C0DF004DAC5C;
			isa = PBXBuildFile;
			settings = {
			};
		};
		50D42F1106D8C0DF004DAC5C = {
			fileRef = 50D42EF306D8C0DF004DAC5C;
			isa = PBXBuildFile;
			settings = {
			};
		};
		50D42F1206D8C0DF004DAC5C = {
			fileRef = 50D42EF406D8C0DF004DAC5C;
			isa = PBXBuildFile;
			settings = {
			};
		};
		50D42F1306D8C0DF004DAC5C = {
			fileRef = 50D42EF506D8C0DF004DAC5C;
			isa = PBXBuildFile;
			settings = {
			};
		};
		50D42F1406D8C0DF004DAC5C = {
			fileRef = 50D42EF606D8C0DF004DAC5C;
			isa = PBXBuildFile;
			settings = {
			};
		};
		50D42F1506D8C0DF004DAC5C = {
			fileRef = 50D42EF706D8C0DF004DAC5C;
			isa = PBXBuildFile;
			settings = {
			};
		};
		50D42F1606D8C0DF004DAC5C = {
			fileRef = 50D42EF806D8C0DF004DAC5C;
			isa = PBXBuildFile;
			settings = {
			};
		};
		50D42F1706D8C0DF004DAC5C = {
			fileRef = 50D42EF906D8C0DF004DAC5C;
			isa = PBXBuildFile;
			settings = {
			};
		};
		50D42F1806D8C0DF004DAC5C = {
			fileRef = 50D42EFA06D8C0DF004DAC5C;
			isa = PBXBuildFile;
			settings = {
			};
		};
		50D42F1906D8C0DF004DAC5C = {
			fileRef = 50D42EFB06D8C0DF004DAC5C;
			isa = PBXBuildFile;
			settings = {
			};
		};
		50D42F1A06D8C0DF004DAC5C = {
			fileRef = 50D42EFC06D8C0DF004DAC5C;
			isa = PBXBuildFile;
			settings = {
			};
		};
		50D42F1B06D8C0DF004DAC5C = {
			fileRef = 50D42EFD06D8C0DF004DAC5C;
			isa = PBXBuildFile;
			settings = {
			};
		};
		50D42F1C06D8C0DF004DAC5C = {
			fileRef = 50D42EFE06D8C0DF004DAC5C;
			isa = PBXBuildFile;
			settings = {
			};
		};
		50D42F1D06D8C0DF004DAC5C = {
			fileRef = 50D42EFF06D8C0DF004DAC5C;
			isa = PBXBuildFile;
			settings = {
			};
		};
		50D42F1E06D8C0DF004DAC5C = {
			fileRef = 50D42F0006D8C0DF004DAC5C;
			isa = PBXBuildFile;
			settings = {
			};
		};
		50D42F1F06D8C0DF004DAC5C = {
			fileRef = 50D42F0106D8C0DF004DAC5C;
			isa = PBXBuildFile;
			settings = {
			};
		};
		50D42F2006D8C0DF004DAC5C = {
			fileRef = 50D42F0206D8C0DF004DAC5C;
			isa = PBXBuildFile;
			settings = {
			};
		};
		50D42F2106D8C0DF004DAC5C = {
			fileRef = 50D42F0306D8C0DF004DAC5C;
			isa = PBXBuildFile;
			settings = {
			};
		};
		50D42F2206D8C0DF004DAC5C = {
			fileRef = 50D42F0406D8C0DF004DAC5C;
			isa = PBXBuildFile;
			settings = {
			};
		};
		50D42F2306D8C0DF004DAC5C = {
			fileRef = 50D42F0506D8C0DF004DAC5C;
			isa = PBXBuildFile;
			settings = {
			};
		};
		50D42F2406D8C0DF004DAC5C = {
			fileRef = 50D42F0606D8C0DF004DAC5C;
			isa = PBXBuildFile;
			settings = {
			};
		};
		50D42F2506D8C0DF004DAC5C = {
			fileRef = 50D42F0706D8C0DF004DAC5C;
			isa = PBXBuildFile;
			settings = {
			};
		};
		50D42F2606D8C0DF004DAC5C = {
			fileRef = 50D42F0806D8C0DF004DAC5C;
			isa = PBXBuildFile;
			settings = {
			};
		};
		50D42F2706D8C0DF004DAC5C = {
			fileRef = 50D42F0906D8C0DF004DAC5C;
			isa = PBXBuildFile;
			settings = {
			};
		};
		50D42F2806D8C0DF004DAC5C = {
			fileRef = 50D42F0A06D8C0DF004DAC5C;
			isa = PBXBuildFile;
			settings = {
			};
		};
		50D42F2906D8C0DF004DAC5C = {
			fileRef = 50D42F0B06D8C0DF004DAC5C;
			isa = PBXBuildFile;
			settings = {
			};
		};
		50D42F2C06D8C0F3004DAC5C = {
			children = (
				50F452CA06E25F6B0087E108,
				50D42F2D06D8C0F3004DAC5C,
				50D42F2E06D8C0F3004DAC5C,
				5045DE0806DE8E790057890E,
				5045DE0906DE8E790057890E,
				5045DE0A06DE8E790057890E,
			);
			isa = PBXGroup;
			path = netinet6;
			refType = 4;
			sourceTree = "<group>";
		};
		50D42F2D06D8C0F3004DAC5C = {
			fileEncoding = 30;
			isa = PBXFileReference;
			lastKnownFileType = sourcecode.c.c;
			path = sctp6_usrreq.c;
			refType = 4;
			sourceTree = "<group>";
		};
		50D42F2E06D8C0F3004DAC5C = {
			fileEncoding = 30;
			isa = PBXFileReference;
			lastKnownFileType = sourcecode.c.h;
			path = sctp6_var.h;
			refType = 4;
			sourceTree = "<group>";
		};
		50D42F2F06D8C0F3004DAC5C = {
			fileRef = 50D42F2D06D8C0F3004DAC5C;
			isa = PBXBuildFile;
			settings = {
			};
		};
		50D42F3006D8C0F3004DAC5C = {
			fileRef = 50D42F2E06D8C0F3004DAC5C;
			isa = PBXBuildFile;
			settings = {
			};
		};
		50F452CA06E25F6B0087E108 = {
			fileEncoding = 30;
			isa = PBXFileReference;
			lastKnownFileType = sourcecode.c.h;
			path = in6_var.h;
			refType = 4;
			sourceTree = "<group>";
		};
		50F452CB06E25F6B0087E108 = {
			fileRef = 50F452CA06E25F6B0087E108;
			isa = PBXBuildFile;
			settings = {
			};
		};
		50F452D006E25F880087E108 = {
			fileEncoding = 30;
			isa = PBXFileReference;
			lastKnownFileType = sourcecode.c.h;
			path = icmp_var.h;
			refType = 4;
			sourceTree = "<group>";
		};
		50F452D106E25F890087E108 = {
			fileEncoding = 30;
			isa = PBXFileReference;
			lastKnownFileType = sourcecode.c.h;
			path = in_var.h;
			refType = 4;
			sourceTree = "<group>";
		};
		50F452D206E25F890087E108 = {
			fileEncoding = 30;
			isa = PBXFileReference;
			lastKnownFileType = sourcecode.c.h;
			path = ip_var.h;
			refType = 4;
			sourceTree = "<group>";
		};
		50F452D306E25F890087E108 = {
			fileRef = 50F452D006E25F880087E108;
			isa = PBXBuildFile;
			settings = {
			};
		};
		50F452D406E25F890087E108 = {
			fileRef = 50F452D106E25F890087E108;
			isa = PBXBuildFile;
			settings = {
			};
		};
		50F452D506E25F890087E108 = {
			fileRef = 50F452D206E25F890087E108;
			isa = PBXBuildFile;
			settings = {
			};
		};
//500
//501
//502
//503
//504
//D20
//D21
//D22
//D23
//D24
		D27513B306A6225300ADB3A4 = {
			isa = PBXFileReference;
			lastKnownFileType = wrapper.framework;
			name = Kernel.framework;
			path = /System/Library/Frameworks/Kernel.framework;
			refType = 0;
			sourceTree = "<absolute>";
		};
	};
	rootObject = 089C1669FE841209C02AAC07;
}
